# This file is automatically @generated by Cargo.
# It is not intended for manual editing.
version = 3

[[package]]
name = "adler32"
version = "1.0.4"
source = "registry+https://github.com/rust-lang/crates.io-index"
checksum = "5d2e7343e7fc9de883d1b0341e0b13970f764c14101234857d2ddafa1cb1cac2"

[[package]]
name = "aho-corasick"
version = "0.7.6"
source = "registry+https://github.com/rust-lang/crates.io-index"
checksum = "58fb5e95d83b38284460a5fda7d6470aa0b8844d283a0b614b8535e880800d2d"
dependencies = [
 "memchr",
]

[[package]]
name = "ansi_term"
version = "0.11.0"
source = "registry+https://github.com/rust-lang/crates.io-index"
checksum = "ee49baf6cb617b853aa8d93bf420db2383fab46d314482ca2803b40d5fde979b"
dependencies = [
 "winapi",
]

[[package]]
name = "ansi_term"
version = "0.12.1"
source = "registry+https://github.com/rust-lang/crates.io-index"
checksum = "d52a9bb7ec0cf484c551830a7ce27bd20d67eac647e1befb56b0be4ee39a55d2"
dependencies = [
 "winapi",
]

[[package]]
name = "arrayref"
version = "0.3.5"
source = "registry+https://github.com/rust-lang/crates.io-index"
checksum = "0d382e583f07208808f6b1249e60848879ba3543f57c32277bf52d69c2f0f0ee"

[[package]]
name = "arrayvec"
version = "0.5.1"
source = "registry+https://github.com/rust-lang/crates.io-index"
checksum = "cff77d8686867eceff3105329d4698d96c2391c176d5d03adc90c7389162b5b8"

[[package]]
name = "atty"
version = "0.2.13"
source = "registry+https://github.com/rust-lang/crates.io-index"
checksum = "1803c647a3ec87095e7ae7acfca019e98de5ec9a7d01343f611cf3152ed71a90"
dependencies = [
 "libc",
 "winapi",
]

[[package]]
name = "autocfg"
version = "0.1.7"
source = "registry+https://github.com/rust-lang/crates.io-index"
checksum = "1d49d90015b3c36167a20fe2810c5cd875ad504b39cff3d4eae7977e6b7c1cb2"

[[package]]
name = "avro-rs"
version = "0.6.5"
source = "registry+https://github.com/rust-lang/crates.io-index"
checksum = "3d42e98754ef1885faf673755ccc1706a69423589b652b3538cc1b54ab5d9992"
dependencies = [
 "byteorder",
 "crc",
 "digest",
 "failure",
 "failure_derive",
 "libflate",
 "rand 0.3.23",
 "serde 1.0.102",
 "serde_derive",
 "serde_json",
 "snap",
]

[[package]]
name = "backtrace"
version = "0.3.40"
source = "registry+https://github.com/rust-lang/crates.io-index"
checksum = "924c76597f0d9ca25d762c25a4d369d51267536465dc5064bdf0eb073ed477ea"
dependencies = [
 "backtrace-sys",
 "cfg-if",
 "libc",
 "rustc-demangle",
]

[[package]]
name = "backtrace-sys"
version = "0.1.32"
source = "registry+https://github.com/rust-lang/crates.io-index"
checksum = "5d6575f128516de27e3ce99689419835fce9643a9b215a14d2b5b685be018491"
dependencies = [
 "cc",
 "libc",
]

[[package]]
name = "base64"
version = "0.10.1"
source = "registry+https://github.com/rust-lang/crates.io-index"
checksum = "0b25d992356d2eb0ed82172f5248873db5560c4721f564b13cb5193bda5e668e"
dependencies = [
 "byteorder",
]

[[package]]
name = "bitflags"
version = "1.2.1"
source = "registry+https://github.com/rust-lang/crates.io-index"
checksum = "cf1de2fe8c75bc145a2f577add951f8134889b4795d47466a54a5c846d691693"

[[package]]
name = "blake2b_simd"
version = "0.5.9"
source = "registry+https://github.com/rust-lang/crates.io-index"
checksum = "b83b7baab1e671718d78204225800d6b170e648188ac7dc992e9d6bddf87d0c0"
dependencies = [
 "arrayref",
 "arrayvec",
 "constant_time_eq",
]

[[package]]
name = "bstr"
version = "0.2.8"
source = "registry+https://github.com/rust-lang/crates.io-index"
checksum = "8d6c2c5b58ab920a4f5aeaaca34b4488074e8cc7596af94e6f8c6ff247c60245"
dependencies = [
 "lazy_static",
 "memchr",
 "regex-automata",
 "serde 1.0.102",
]

[[package]]
name = "build_const"
version = "0.2.1"
source = "registry+https://github.com/rust-lang/crates.io-index"
checksum = "39092a32794787acd8525ee150305ff051b0aa6cc2abaf193924f5ab05425f39"

[[package]]
name = "built"
version = "0.3.2"
source = "registry+https://github.com/rust-lang/crates.io-index"
checksum = "3d2315cfb416f86e05360edc950b1d7d25ecfb00f7f8eba60dbd7882a0f2e944"
dependencies = [
 "chrono",
 "git2",
 "semver",
 "toml",
]

[[package]]
name = "byteorder"
version = "1.3.2"
source = "registry+https://github.com/rust-lang/crates.io-index"
checksum = "a7c3dd8985a7111efc5c80b44e23ecdd8c007de8ade3b96595387e812b957cf5"

[[package]]
name = "cc"
version = "1.0.47"
source = "registry+https://github.com/rust-lang/crates.io-index"
checksum = "aa87058dce70a3ff5621797f1506cb837edd02ac4c0ae642b4542dce802908b8"
dependencies = [
 "jobserver",
 "num_cpus",
]

[[package]]
name = "cfg-if"
version = "0.1.10"
source = "registry+https://github.com/rust-lang/crates.io-index"
checksum = "4785bdd1c96b2a846b2bd7cc02e86b6b3dbf14e7e53446c4f54c92a361040822"

[[package]]
name = "chrono"
version = "0.4.9"
source = "registry+https://github.com/rust-lang/crates.io-index"
checksum = "e8493056968583b0193c1bb04d6f7684586f3726992d6c573261941a895dbd68"
dependencies = [
 "libc",
 "num-integer",
 "num-traits 0.2.9",
 "time",
]

[[package]]
name = "clap"
version = "2.33.0"
source = "registry+https://github.com/rust-lang/crates.io-index"
checksum = "5067f5bb2d80ef5d68b4c87db81601f0b75bca627bc2ef76b141d7b846a3c6d9"
dependencies = [
 "ansi_term 0.11.0",
 "atty",
 "bitflags",
 "strsim",
 "textwrap",
 "unicode-width",
 "vec_map",
]

[[package]]
name = "cloudabi"
version = "0.0.3"
source = "registry+https://github.com/rust-lang/crates.io-index"
checksum = "ddfc5b9aa5d4507acaf872de71051dfd0e309860e88966e1051e462a077aac4f"
dependencies = [
 "bitflags",
]

[[package]]
name = "constant_time_eq"
version = "0.1.4"
source = "registry+https://github.com/rust-lang/crates.io-index"
checksum = "995a44c877f9212528ccc74b21a232f66ad69001e40ede5bcee2ac9ef2657120"

[[package]]
name = "crc"
version = "1.8.1"
source = "registry+https://github.com/rust-lang/crates.io-index"
checksum = "d663548de7f5cca343f1e0a48d14dcfb0e9eb4e079ec58883b7251539fa10aeb"
dependencies = [
 "build_const",
]

[[package]]
name = "crc32fast"
version = "1.2.0"
source = "registry+https://github.com/rust-lang/crates.io-index"
checksum = "ba125de2af0df55319f41944744ad91c71113bf74a4646efff39afe1f6842db1"
dependencies = [
 "cfg-if",
]

[[package]]
name = "crossbeam-utils"
version = "0.6.6"
source = "registry+https://github.com/rust-lang/crates.io-index"
checksum = "04973fa96e96579258a5091af6003abde64af786b860f18622b82e026cca60e6"
dependencies = [
 "cfg-if",
 "lazy_static",
]

[[package]]
name = "csv"
version = "1.1.1"
source = "registry+https://github.com/rust-lang/crates.io-index"
checksum = "37519ccdfd73a75821cac9319d4fce15a81b9fcf75f951df5b9988aa3a0af87d"
dependencies = [
 "bstr",
 "csv-core",
 "itoa",
 "ryu",
 "serde 1.0.102",
]

[[package]]
name = "csv-core"
version = "0.1.6"
source = "registry+https://github.com/rust-lang/crates.io-index"
checksum = "9b5cadb6b25c77aeff80ba701712494213f4a8418fcda2ee11b6560c3ad0bf4c"
dependencies = [
 "memchr",
]

[[package]]
name = "digest"
version = "0.8.1"
source = "registry+https://github.com/rust-lang/crates.io-index"
checksum = "f3d0c8c8752312f9713efd397ff63acb9f85585afbf179282e720e7704954dd5"
dependencies = [
 "generic-array",
]

[[package]]
name = "directories"
version = "2.0.2"
source = "registry+https://github.com/rust-lang/crates.io-index"
checksum = "551a778172a450d7fc12e629ca3b0428d00f6afa9a43da1b630d54604e97371c"
dependencies = [
 "cfg-if",
 "dirs-sys",
]

[[package]]
name = "dirs-sys"
version = "0.3.4"
source = "registry+https://github.com/rust-lang/crates.io-index"
checksum = "afa0b23de8fd801745c471deffa6e12d248f962c9fd4b4c33787b055599bde7b"
dependencies = [
 "cfg-if",
 "libc",
 "redox_users",
 "winapi",
]

[[package]]
name = "dtoa"
version = "0.4.4"
source = "registry+https://github.com/rust-lang/crates.io-index"
checksum = "ea57b42383d091c85abcc2706240b94ab2a8fa1fc81c10ff23c4de06e2a90b5e"

[[package]]
name = "env_logger"
version = "0.7.1"
source = "registry+https://github.com/rust-lang/crates.io-index"
checksum = "44533bbbb3bb3c1fa17d9f2e4e38bbbaf8396ba82193c4cb1b6445d711445d36"
dependencies = [
 "atty",
 "humantime",
 "log",
 "regex",
 "termcolor",
]

[[package]]
name = "failure"
version = "0.1.6"
source = "registry+https://github.com/rust-lang/crates.io-index"
checksum = "f8273f13c977665c5db7eb2b99ae520952fe5ac831ae4cd09d80c4c7042b5ed9"
dependencies = [
 "backtrace",
 "failure_derive",
]

[[package]]
name = "failure_derive"
version = "0.1.6"
source = "registry+https://github.com/rust-lang/crates.io-index"
checksum = "0bc225b78e0391e4b8683440bf2e63c2deeeb2ce5189eab46e2b68c6d3725d08"
dependencies = [
 "proc-macro2",
 "quote",
 "syn",
 "synstructure",
]

[[package]]
name = "fuchsia-cprng"
version = "0.1.1"
source = "registry+https://github.com/rust-lang/crates.io-index"
checksum = "a06f77d526c1a601b7c4cdd98f54b5eaabffc14d5f2f0296febdc7f357c6d3ba"

[[package]]
name = "generic-array"
version = "0.12.3"
source = "registry+https://github.com/rust-lang/crates.io-index"
checksum = "c68f0274ae0e023facc3c97b2e00f076be70e254bc851d972503b328db79b2ec"
dependencies = [
 "typenum",
]

[[package]]
name = "getrandom"
version = "0.1.13"
source = "registry+https://github.com/rust-lang/crates.io-index"
checksum = "e7db7ca94ed4cd01190ceee0d8a8052f08a247aa1b469a7f68c6a3b71afcf407"
dependencies = [
 "cfg-if",
 "libc",
 "wasi",
]

[[package]]
name = "git2"
version = "0.10.1"
source = "registry+https://github.com/rust-lang/crates.io-index"
checksum = "39f27186fbb5ec67ece9a56990292bc5aed3c3fc51b9b07b0b52446b1dfb4a82"
dependencies = [
 "bitflags",
 "libc",
 "libgit2-sys",
 "log",
 "url",
]

[[package]]
name = "glob"
version = "0.3.0"
source = "registry+https://github.com/rust-lang/crates.io-index"
checksum = "9b919933a397b79c37e33b77bb2aa3dc8eb6e165ad809e58ff75bc7db2e34574"

[[package]]
name = "half"
version = "1.4.0"
source = "registry+https://github.com/rust-lang/crates.io-index"
checksum = "9ff54597ea139063f4225f1ec47011b03c9de4a486957ff3fc506881dac951d0"

[[package]]
name = "heck"
version = "0.3.1"
source = "registry+https://github.com/rust-lang/crates.io-index"
checksum = "20564e78d53d2bb135c343b3f47714a56af2061f1c928fdb541dc7b9fdd94205"
dependencies = [
 "unicode-segmentation",
]

[[package]]
name = "hermit-abi"
version = "0.1.3"
source = "registry+https://github.com/rust-lang/crates.io-index"
checksum = "307c3c9f937f38e3534b1d6447ecf090cafcc9744e4a6360e8b037b2cf5af120"
dependencies = [
 "libc",
]

[[package]]
name = "humantime"
version = "1.3.0"
source = "registry+https://github.com/rust-lang/crates.io-index"
checksum = "df004cfca50ef23c36850aaaa59ad52cc70d0e90243c3c7737a4dd32dc7a3c4f"
dependencies = [
 "quick-error",
]

[[package]]
name = "idna"
version = "0.2.0"
source = "registry+https://github.com/rust-lang/crates.io-index"
checksum = "02e2673c30ee86b5b96a9cb52ad15718aa1f966f5ab9ad54a8b95d5ca33120a9"
dependencies = [
 "matches",
 "unicode-bidi",
 "unicode-normalization",
]

[[package]]
name = "itoa"
version = "0.4.4"
source = "registry+https://github.com/rust-lang/crates.io-index"
checksum = "501266b7edd0174f8530248f87f99c88fbe60ca4ef3dd486835b8d8d53136f7f"

[[package]]
name = "jobserver"
version = "0.1.17"
source = "registry+https://github.com/rust-lang/crates.io-index"
checksum = "f2b1d42ef453b30b7387e113da1c83ab1605d90c5b4e0eb8e96d016ed3b8c160"
dependencies = [
 "getrandom",
 "libc",
 "log",
]

[[package]]
name = "lazy_static"
version = "1.4.0"
source = "registry+https://github.com/rust-lang/crates.io-index"
checksum = "e2abad23fbc42b3700f2f279844dc832adb2b2eb069b2df918f455c4e18cc646"

[[package]]
name = "libc"
version = "0.2.65"
source = "registry+https://github.com/rust-lang/crates.io-index"
checksum = "1a31a0627fdf1f6a39ec0dd577e101440b7db22672c0901fe00a9a6fbb5c24e8"

[[package]]
name = "libflate"
version = "0.1.27"
source = "registry+https://github.com/rust-lang/crates.io-index"
checksum = "d9135df43b1f5d0e333385cb6e7897ecd1a43d7d11b91ac003f4d2c2d2401fdd"
dependencies = [
 "adler32",
 "crc32fast",
 "rle-decode-fast",
 "take_mut",
]

[[package]]
name = "libgit2-sys"
version = "0.9.1"
source = "registry+https://github.com/rust-lang/crates.io-index"
checksum = "a30f8637eb59616ee3b8a00f6adff781ee4ddd8343a615b8238de756060cc1b3"
dependencies = [
 "cc",
 "libc",
 "libz-sys",
 "pkg-config",
]

[[package]]
name = "libz-sys"
version = "1.0.25"
source = "registry+https://github.com/rust-lang/crates.io-index"
checksum = "2eb5e43362e38e2bca2fd5f5134c4d4564a23a5c28e9b95411652021a8675ebe"
dependencies = [
 "cc",
 "libc",
 "pkg-config",
 "vcpkg",
]

[[package]]
name = "linked-hash-map"
version = "0.3.0"
source = "registry+https://github.com/rust-lang/crates.io-index"
checksum = "6d262045c5b87c0861b3f004610afd0e2c851e2908d08b6c870cbb9d5f494ecd"
dependencies = [
 "serde 0.8.23",
 "serde_test",
]

[[package]]
name = "linked-hash-map"
version = "0.5.4"
source = "registry+https://github.com/rust-lang/crates.io-index"
checksum = "7fb9b38af92608140b86b693604b9ffcc5824240a484d1ecd4795bacb2fe88f3"

[[package]]
name = "log"
version = "0.4.8"
source = "registry+https://github.com/rust-lang/crates.io-index"
checksum = "14b6052be84e6b71ab17edffc2eeabf5c2c3ae1fdb464aae35ac50c67a44e1f7"
dependencies = [
 "cfg-if",
]

[[package]]
name = "matches"
version = "0.1.8"
source = "registry+https://github.com/rust-lang/crates.io-index"
checksum = "7ffc5c5338469d4d3ea17d269fa8ea3512ad247247c30bd2df69e68309ed0a08"

[[package]]
name = "maybe-uninit"
version = "2.0.0"
source = "registry+https://github.com/rust-lang/crates.io-index"
checksum = "60302e4db3a61da70c0cb7991976248362f30319e88850c487b9b95bbf059e00"

[[package]]
name = "memchr"
version = "2.2.1"
source = "registry+https://github.com/rust-lang/crates.io-index"
checksum = "88579771288728879b57485cc7d6b07d648c9f0141eb955f8ab7f9d45394468e"
dependencies = [
 "libc",
]

[[package]]
name = "nix"
version = "0.15.0"
source = "registry+https://github.com/rust-lang/crates.io-index"
checksum = "3b2e0b4f3320ed72aaedb9a5ac838690a8047c7b275da22711fddff4f8a14229"
dependencies = [
 "bitflags",
 "cc",
 "cfg-if",
 "libc",
 "void",
]

[[package]]
name = "num-integer"
version = "0.1.41"
source = "registry+https://github.com/rust-lang/crates.io-index"
checksum = "b85e541ef8255f6cf42bbfe4ef361305c6c135d10919ecc26126c4e5ae94bc09"
dependencies = [
 "autocfg",
 "num-traits 0.2.9",
]

[[package]]
name = "num-traits"
version = "0.1.43"
source = "registry+https://github.com/rust-lang/crates.io-index"
checksum = "92e5113e9fd4cc14ded8e499429f396a20f98c772a47cc8622a736e1ec843c31"
dependencies = [
 "num-traits 0.2.9",
]

[[package]]
name = "num-traits"
version = "0.2.9"
source = "registry+https://github.com/rust-lang/crates.io-index"
checksum = "443c53b3c3531dfcbfa499d8893944db78474ad7a1d87fa2d94d1a2231693ac6"
dependencies = [
 "autocfg",
]

[[package]]
name = "num_cpus"
version = "1.11.1"
source = "registry+https://github.com/rust-lang/crates.io-index"
checksum = "76dac5ed2a876980778b8b85f75a71b6cbf0db0b1232ee12f826bccb00d09d72"
dependencies = [
 "hermit-abi",
 "libc",
]

[[package]]
name = "ordered-float"
version = "2.0.1"
source = "registry+https://github.com/rust-lang/crates.io-index"
checksum = "dacdec97876ef3ede8c50efc429220641a0b11ba0048b4b0c357bccbc47c5204"
dependencies = [
 "num-traits 0.2.9",
]

[[package]]
name = "percent-encoding"
version = "2.1.0"
source = "registry+https://github.com/rust-lang/crates.io-index"
checksum = "d4fd5641d01c8f18a23da7b6fe29298ff4b55afcccdf78973b24cf3175fee32e"

[[package]]
name = "pest"
version = "2.1.2"
source = "registry+https://github.com/rust-lang/crates.io-index"
checksum = "7e4fb201c5c22a55d8b24fef95f78be52738e5e1361129be1b5e862ecdb6894a"
dependencies = [
 "ucd-trie",
]

[[package]]
name = "pkg-config"
version = "0.3.17"
source = "registry+https://github.com/rust-lang/crates.io-index"
checksum = "05da548ad6865900e60eaba7f589cc0783590a92e940c26953ff81ddbab2d677"

[[package]]
name = "proc-macro-error"
version = "0.2.6"
source = "registry+https://github.com/rust-lang/crates.io-index"
checksum = "aeccfe4d5d8ea175d5f0e4a2ad0637e0f4121d63bd99d356fb1f39ab2e7c6097"
dependencies = [
 "proc-macro2",
 "quote",
 "syn",
]

[[package]]
name = "proc-macro2"
version = "1.0.6"
source = "registry+https://github.com/rust-lang/crates.io-index"
checksum = "9c9e470a8dc4aeae2dee2f335e8f533e2d4b347e1434e5671afc49b054592f27"
dependencies = [
 "unicode-xid",
]

[[package]]
name = "protobuf"
version = "2.8.1"
source = "registry+https://github.com/rust-lang/crates.io-index"
checksum = "40361836defdd5871ff7e84096c6f6444af7fc157f8ef1789f54f147687caa20"

[[package]]
name = "quick-error"
version = "1.2.2"
source = "registry+https://github.com/rust-lang/crates.io-index"
checksum = "9274b940887ce9addde99c4eee6b5c44cc494b182b97e73dc8ffdcb3397fd3f0"

[[package]]
name = "quote"
version = "1.0.2"
source = "registry+https://github.com/rust-lang/crates.io-index"
checksum = "053a8c8bcc71fcce321828dc897a98ab9760bef03a4fc36693c231e5b3216cfe"
dependencies = [
 "proc-macro2",
]

[[package]]
name = "rand"
version = "0.3.23"
source = "registry+https://github.com/rust-lang/crates.io-index"
checksum = "64ac302d8f83c0c1974bf758f6b041c6c8ada916fbb44a609158ca8b064cc76c"
dependencies = [
 "libc",
 "rand 0.4.6",
]

[[package]]
name = "rand"
version = "0.4.6"
source = "registry+https://github.com/rust-lang/crates.io-index"
checksum = "552840b97013b1a26992c11eac34bdd778e464601a4c2054b5f0bff7c6761293"
dependencies = [
 "fuchsia-cprng",
 "libc",
 "rand_core 0.3.1",
 "rdrand",
 "winapi",
]

[[package]]
name = "rand_core"
version = "0.3.1"
source = "registry+https://github.com/rust-lang/crates.io-index"
checksum = "7a6fdeb83b075e8266dcc8762c22776f6877a63111121f5f8c7411e5be7eed4b"
dependencies = [
 "rand_core 0.4.2",
]

[[package]]
name = "rand_core"
version = "0.4.2"
source = "registry+https://github.com/rust-lang/crates.io-index"
checksum = "9c33a3c44ca05fa6f1807d8e6743f3824e8509beca625669633be0acbdf509dc"

[[package]]
name = "rand_os"
version = "0.1.3"
source = "registry+https://github.com/rust-lang/crates.io-index"
checksum = "7b75f676a1e053fc562eafbb47838d67c84801e38fc1ba459e8f180deabd5071"
dependencies = [
 "cloudabi",
 "fuchsia-cprng",
 "libc",
 "rand_core 0.4.2",
 "rdrand",
 "winapi",
]

[[package]]
name = "rdrand"
version = "0.4.0"
source = "registry+https://github.com/rust-lang/crates.io-index"
checksum = "678054eb77286b51581ba43620cc911abf02758c91f93f479767aed0f90458b2"
dependencies = [
 "rand_core 0.3.1",
]

[[package]]
name = "record-query"
version = "1.0.3-alpha.0"
dependencies = [
 "ansi_term 0.12.1",
 "atty",
 "avro-rs",
 "built",
 "csv",
 "directories",
 "dtoa",
 "env_logger",
 "failure",
 "glob",
 "itoa",
 "log",
 "nix",
 "ordered-float",
 "pest",
 "protobuf",
 "regex",
 "rmp",
 "rmpv",
 "serde 1.0.102",
 "serde-hjson",
 "serde-protobuf",
 "serde_cbor",
 "serde_json",
 "serde_yaml",
 "structopt",
 "toml",
 "vergen",
 "yaml-rust",
]

[[package]]
name = "redox_syscall"
version = "0.1.56"
source = "registry+https://github.com/rust-lang/crates.io-index"
checksum = "2439c63f3f6139d1b57529d16bc3b8bb855230c8efcc5d3a896c8bea7c3b1e84"

[[package]]
name = "redox_users"
version = "0.3.1"
source = "registry+https://github.com/rust-lang/crates.io-index"
checksum = "4ecedbca3bf205f8d8f5c2b44d83cd0690e39ee84b951ed649e9f1841132b66d"
dependencies = [
 "failure",
 "rand_os",
 "redox_syscall",
 "rust-argon2",
]

[[package]]
name = "regex"
version = "1.3.1"
source = "registry+https://github.com/rust-lang/crates.io-index"
checksum = "dc220bd33bdce8f093101afe22a037b8eb0e5af33592e6a9caafff0d4cb81cbd"
dependencies = [
 "aho-corasick",
 "memchr",
 "regex-syntax",
 "thread_local",
]

[[package]]
name = "regex-automata"
version = "0.1.8"
source = "registry+https://github.com/rust-lang/crates.io-index"
checksum = "92b73c2a1770c255c240eaa4ee600df1704a38dc3feaa6e949e7fcd4f8dc09f9"
dependencies = [
 "byteorder",
]

[[package]]
name = "regex-syntax"
version = "0.6.12"
source = "registry+https://github.com/rust-lang/crates.io-index"
checksum = "11a7e20d1cce64ef2fed88b66d347f88bd9babb82845b2b858f3edbf59a4f716"

[[package]]
name = "rle-decode-fast"
version = "1.0.1"
source = "registry+https://github.com/rust-lang/crates.io-index"
checksum = "cabe4fa914dec5870285fa7f71f602645da47c486e68486d2b4ceb4a343e90ac"

[[package]]
name = "rmp"
version = "0.8.8"
source = "registry+https://github.com/rust-lang/crates.io-index"
checksum = "0f594cb7ff8f1c5a7907f6be91f15795c8301e0d5718eb007fb5832723dd716e"
dependencies = [
 "byteorder",
 "num-traits 0.2.9",
]

[[package]]
name = "rmpv"
version = "0.4.2"
source = "registry+https://github.com/rust-lang/crates.io-index"
checksum = "83caf745acbd99179ab6ce95398ddf548edfa2d3a99ff195248b30cd1524c43f"
dependencies = [
 "num-traits 0.2.9",
 "rmp",
]

[[package]]
name = "rust-argon2"
version = "0.5.1"
source = "registry+https://github.com/rust-lang/crates.io-index"
checksum = "4ca4eaef519b494d1f2848fc602d18816fed808a981aedf4f1f00ceb7c9d32cf"
dependencies = [
 "base64",
 "blake2b_simd",
 "crossbeam-utils",
]

[[package]]
name = "rustc-demangle"
version = "0.1.16"
source = "registry+https://github.com/rust-lang/crates.io-index"
checksum = "4c691c0e608126e00913e33f0ccf3727d5fc84573623b8d65b2df340b5201783"

[[package]]
name = "ryu"
version = "1.0.2"
source = "registry+https://github.com/rust-lang/crates.io-index"
checksum = "bfa8506c1de11c9c4e4c38863ccbe02a305c8188e85a05a784c9e11e1c3910c8"

[[package]]
name = "semver"
version = "0.9.0"
source = "registry+https://github.com/rust-lang/crates.io-index"
checksum = "1d7eb9ef2c18661902cc47e535f9bc51b78acd254da71d375c2f6720d9a40403"
dependencies = [
 "semver-parser",
]

[[package]]
name = "semver-parser"
version = "0.7.0"
source = "registry+https://github.com/rust-lang/crates.io-index"
checksum = "388a1df253eca08550bef6c72392cfe7c30914bf41df5269b68cbd6ff8f570a3"

[[package]]
name = "serde"
version = "0.8.23"
source = "registry+https://github.com/rust-lang/crates.io-index"
checksum = "9dad3f759919b92c3068c696c15c3d17238234498bbdcc80f2c469606f948ac8"

[[package]]
name = "serde"
version = "1.0.102"
source = "registry+https://github.com/rust-lang/crates.io-index"
checksum = "0c4b39bd9b0b087684013a792c59e3e07a46a01d2322518d8a1104641a0b1be0"

[[package]]
name = "serde-hjson"
version = "0.9.1"
source = "registry+https://github.com/rust-lang/crates.io-index"
checksum = "6a3a4e0ea8a88553209f6cc6cfe8724ecad22e1acf372793c27d995290fe74f8"
dependencies = [
 "lazy_static",
 "linked-hash-map 0.3.0",
 "num-traits 0.1.43",
 "regex",
 "serde 0.8.23",
]

[[package]]
name = "serde-protobuf"
version = "0.8.1"
source = "registry+https://github.com/rust-lang/crates.io-index"
checksum = "07f6ba489458bc3402aad4eea5cb81b08da39add38aca2d9f20fc6ba49d340b4"
dependencies = [
 "failure",
 "linked-hash-map 0.5.4",
 "log",
 "protobuf",
 "serde 1.0.102",
]

[[package]]
name = "serde_cbor"
version = "0.10.2"
source = "registry+https://github.com/rust-lang/crates.io-index"
checksum = "f7081ed758ec726a6ed8ee7e92f5d3f6e6f8c3901b1f972e3a4a2f2599fad14f"
dependencies = [
 "byteorder",
 "half",
 "serde 1.0.102",
]

[[package]]
name = "serde_derive"
version = "1.0.102"
source = "registry+https://github.com/rust-lang/crates.io-index"
checksum = "ca13fc1a832f793322228923fbb3aba9f3f44444898f835d31ad1b74fa0a2bf8"
dependencies = [
 "proc-macro2",
 "quote",
 "syn",
]

[[package]]
name = "serde_json"
version = "1.0.41"
source = "registry+https://github.com/rust-lang/crates.io-index"
checksum = "2f72eb2a68a7dc3f9a691bfda9305a1c017a6215e5a4545c258500d2099a37c2"
dependencies = [
 "itoa",
 "ryu",
 "serde 1.0.102",
]

[[package]]
name = "serde_test"
version = "0.8.23"
source = "registry+https://github.com/rust-lang/crates.io-index"
checksum = "110b3dbdf8607ec493c22d5d947753282f3bae73c0f56d322af1e8c78e4c23d5"
dependencies = [
 "serde 0.8.23",
]

[[package]]
name = "serde_yaml"
version = "0.8.11"
source = "registry+https://github.com/rust-lang/crates.io-index"
checksum = "691b17f19fc1ec9d94ec0b5864859290dff279dbd7b03f017afda54eb36c3c35"
dependencies = [
 "dtoa",
 "linked-hash-map 0.5.4",
 "serde 1.0.102",
 "yaml-rust",
]

[[package]]
name = "smallvec"
version = "0.6.13"
source = "registry+https://github.com/rust-lang/crates.io-index"
checksum = "f7b0758c52e15a8b5e3691eae6cc559f08eee9406e548a4477ba4e67770a82b6"
dependencies = [
 "maybe-uninit",
]

[[package]]
name = "snap"
version = "0.2.5"
source = "registry+https://github.com/rust-lang/crates.io-index"
checksum = "95d697d63d44ad8b78b8d235bf85b34022a78af292c8918527c5f0cffdde7f43"
dependencies = [
 "byteorder",
 "lazy_static",
]

[[package]]
name = "strsim"
version = "0.8.0"
source = "registry+https://github.com/rust-lang/crates.io-index"
checksum = "8ea5119cdb4c55b55d432abb513a0429384878c15dde60cc77b1c99de1a95a6a"

[[package]]
name = "structopt"
version = "0.3.4"
source = "registry+https://github.com/rust-lang/crates.io-index"
checksum = "c167b61c7d4c126927f5346a4327ce20abf8a186b8041bbeb1ce49e5db49587b"
dependencies = [
 "clap",
 "structopt-derive",
]

[[package]]
name = "structopt-derive"
version = "0.3.4"
source = "registry+https://github.com/rust-lang/crates.io-index"
checksum = "519621841414165d2ad0d4c92be8f41844203f2b67e245f9345a5a12d40c69d7"
dependencies = [
 "heck",
 "proc-macro-error",
 "proc-macro2",
 "quote",
 "syn",
]

[[package]]
name = "syn"
version = "1.0.8"
source = "registry+https://github.com/rust-lang/crates.io-index"
checksum = "661641ea2aa15845cddeb97dad000d22070bb5c1fb456b96c1cba883ec691e92"
dependencies = [
 "proc-macro2",
 "quote",
 "unicode-xid",
]

[[package]]
name = "synstructure"
version = "0.12.3"
source = "registry+https://github.com/rust-lang/crates.io-index"
checksum = "67656ea1dc1b41b1451851562ea232ec2e5a80242139f7e679ceccfb5d61f545"
dependencies = [
 "proc-macro2",
 "quote",
 "syn",
 "unicode-xid",
]

[[package]]
name = "take_mut"
version = "0.2.2"
source = "registry+https://github.com/rust-lang/crates.io-index"
checksum = "f764005d11ee5f36500a149ace24e00e3da98b0158b3e2d53a7495660d3f4d60"

[[package]]
name = "termcolor"
version = "1.0.5"
source = "registry+https://github.com/rust-lang/crates.io-index"
checksum = "96d6098003bde162e4277c70665bd87c326f5a0c3f3fbfb285787fa482d54e6e"
dependencies = [
 "wincolor",
]

[[package]]
name = "textwrap"
version = "0.11.0"
source = "registry+https://github.com/rust-lang/crates.io-index"
checksum = "d326610f408c7a4eb6f51c37c330e496b08506c9457c9d34287ecc38809fb060"
dependencies = [
 "unicode-width",
]

[[package]]
name = "thread_local"
version = "0.3.6"
source = "registry+https://github.com/rust-lang/crates.io-index"
checksum = "c6b53e329000edc2b34dbe8545fd20e55a333362d0a321909685a19bd28c3f1b"
dependencies = [
 "lazy_static",
]

[[package]]
name = "time"
version = "0.1.42"
source = "registry+https://github.com/rust-lang/crates.io-index"
checksum = "db8dcfca086c1143c9270ac42a2bbd8a7ee477b78ac8e45b19abfb0cbede4b6f"
dependencies = [
 "libc",
 "redox_syscall",
 "winapi",
]

[[package]]
name = "toml"
version = "0.5.5"
source = "registry+https://github.com/rust-lang/crates.io-index"
checksum = "01d1404644c8b12b16bfcffa4322403a91a451584daaaa7c28d3152e6cbc98cf"
dependencies = [
 "serde 1.0.102",
]

[[package]]
name = "typenum"
version = "1.11.2"
source = "registry+https://github.com/rust-lang/crates.io-index"
checksum = "6d2783fe2d6b8c1101136184eb41be8b1ad379e4657050b8aaff0c79ee7575f9"

[[package]]
name = "ucd-trie"
version = "0.1.2"
source = "registry+https://github.com/rust-lang/crates.io-index"
checksum = "8f00ed7be0c1ff1e24f46c3d2af4859f7e863672ba3a6e92e7cff702bf9f06c2"

[[package]]
name = "unicode-bidi"
version = "0.3.4"
source = "registry+https://github.com/rust-lang/crates.io-index"
checksum = "49f2bd0c6468a8230e1db229cff8029217cf623c767ea5d60bfbd42729ea54d5"
dependencies = [
 "matches",
]

[[package]]
name = "unicode-normalization"
version = "0.1.9"
source = "registry+https://github.com/rust-lang/crates.io-index"
checksum = "09c8070a9942f5e7cfccd93f490fdebd230ee3c3c9f107cb25bad5351ef671cf"
dependencies = [
 "smallvec",
]

[[package]]
name = "unicode-segmentation"
version = "1.6.0"
source = "registry+https://github.com/rust-lang/crates.io-index"
checksum = "e83e153d1053cbb5a118eeff7fd5be06ed99153f00dbcd8ae310c5fb2b22edc0"

[[package]]
name = "unicode-width"
version = "0.1.6"
source = "registry+https://github.com/rust-lang/crates.io-index"
checksum = "7007dbd421b92cc6e28410fe7362e2e0a2503394908f417b68ec8d1c364c4e20"

[[package]]
name = "unicode-xid"
version = "0.2.0"
source = "registry+https://github.com/rust-lang/crates.io-index"
checksum = "826e7639553986605ec5979c7dd957c7895e93eabed50ab2ffa7f6128a75097c"

[[package]]
name = "url"
version = "2.1.0"
source = "registry+https://github.com/rust-lang/crates.io-index"
checksum = "75b414f6c464c879d7f9babf951f23bc3743fb7313c081b2e6ca719067ea9d61"
dependencies = [
 "idna",
 "matches",
 "percent-encoding",
]

[[package]]
name = "vcpkg"
version = "0.2.7"
source = "registry+https://github.com/rust-lang/crates.io-index"
checksum = "33dd455d0f96e90a75803cfeb7f948768c08d70a6de9a8d2362461935698bf95"

[[package]]
name = "vec_map"
version = "0.8.1"
source = "registry+https://github.com/rust-lang/crates.io-index"
checksum = "05c78687fb1a80548ae3250346c3db86a80a7cdd77bda190189f2d0a0987c81a"

[[package]]
name = "vergen"
version = "3.0.4"
source = "registry+https://github.com/rust-lang/crates.io-index"
checksum = "6aba5e34f93dc7051dfad05b98a18e9156f27e7b431fe1d2398cb6061c0a1dba"
dependencies = [
 "bitflags",
 "chrono",
 "failure",
]

[[package]]
name = "void"
version = "1.0.2"
source = "registry+https://github.com/rust-lang/crates.io-index"
checksum = "6a02e4885ed3bc0f2de90ea6dd45ebcbb66dacffe03547fadbb0eeae2770887d"

[[package]]
name = "wasi"
version = "0.7.0"
source = "registry+https://github.com/rust-lang/crates.io-index"
checksum = "b89c3ce4ce14bdc6fb6beaf9ec7928ca331de5df7e5ea278375642a2f478570d"

[[package]]
name = "winapi"
version = "0.3.8"
source = "registry+https://github.com/rust-lang/crates.io-index"
checksum = "8093091eeb260906a183e6ae1abdba2ef5ef2257a21801128899c3fc699229c6"
dependencies = [
 "winapi-i686-pc-windows-gnu",
 "winapi-x86_64-pc-windows-gnu",
]

[[package]]
name = "winapi-i686-pc-windows-gnu"
version = "0.4.0"
source = "registry+https://github.com/rust-lang/crates.io-index"
checksum = "ac3b87c63620426dd9b991e5ce0329eff545bccbbb34f3be09ff6fb6ab51b7b6"

[[package]]
name = "winapi-util"
version = "0.1.2"
source = "registry+https://github.com/rust-lang/crates.io-index"
checksum = "7168bab6e1daee33b4557efd0e95d5ca70a03706d39fa5f3fe7a236f584b03c9"
dependencies = [
 "winapi",
]

[[package]]
name = "winapi-x86_64-pc-windows-gnu"
version = "0.4.0"
source = "registry+https://github.com/rust-lang/crates.io-index"
checksum = "712e227841d057c1ee1cd2fb22fa7e5a5461ae8e48fa2ca79ec42cfc1931183f"

[[package]]
name = "wincolor"
version = "1.0.2"
source = "registry+https://github.com/rust-lang/crates.io-index"
checksum = "96f5016b18804d24db43cebf3c77269e7569b8954a8464501c216cc5e070eaa9"
dependencies = [
 "winapi",
 "winapi-util",
]

[[package]]
name = "yaml-rust"
version = "0.4.5"
source = "registry+https://github.com/rust-lang/crates.io-index"
checksum = "56c1936c4cc7a1c9ab21a1ebb602eb942ba868cbd44a99cb7cdc5892335e1c85"
dependencies = [
 "linked-hash-map 0.5.4",
]
